// !$*UTF8*$!
{
	archiveVersion = 1;
	classes = {
	};
	objectVersion = 48;
	objects = {

/* Begin PBXBuildFile section */
		6824757D1F52E9E300B8D844 /* DropablePin.swift in Sources */ = {isa = PBXBuildFile; fileRef = 6824757C1F52E9E200B8D844 /* DropablePin.swift */; };
		6869949F1F50791400AB1BAC /* AppDelegate.swift in Sources */ = {isa = PBXBuildFile; fileRef = 6869949E1F50791400AB1BAC /* AppDelegate.swift */; };
		686994A11F50791400AB1BAC /* MapVC.swift in Sources */ = {isa = PBXBuildFile; fileRef = 686994A01F50791400AB1BAC /* MapVC.swift */; };
		686994A41F50791400AB1BAC /* Main.storyboard in Resources */ = {isa = PBXBuildFile; fileRef = 686994A21F50791400AB1BAC /* Main.storyboard */; };
		686994A61F50791400AB1BAC /* Assets.xcassets in Resources */ = {isa = PBXBuildFile; fileRef = 686994A51F50791400AB1BAC /* Assets.xcassets */; };
		686994A91F50791400AB1BAC /* LaunchScreen.storyboard in Resources */ = {isa = PBXBuildFile; fileRef = 686994A71F50791400AB1BAC /* LaunchScreen.storyboard */; };
		689843841F51D05E00C17B68 /* UILabelDeviceClass.swift in Sources */ = {isa = PBXBuildFile; fileRef = 689843831F51D05E00C17B68 /* UILabelDeviceClass.swift */; };
		ABB3B8F6A7C9B6993A23B84C /* Pods_Pixel_City.framework in Frameworks */ = {isa = PBXBuildFile; fileRef = AAD0195D308369A7771B2FE3 /* Pods_Pixel_City.framework */; };
/* End PBXBuildFile section */

/* Begin PBXFileReference section */
		6824757C1F52E9E200B8D844 /* DropablePin.swift */ = {isa = PBXFileReference; lastKnownFileType = sourcecode.swift; path = DropablePin.swift; sourceTree = "<group>"; };
		6869949B1F50791400AB1BAC /* Pixel City.app */ = {isa = PBXFileReference; explicitFileType = wrapper.application; includeInIndex = 0; path = "Pixel City.app"; sourceTree = BUILT_PRODUCTS_DIR; };
		6869949E1F50791400AB1BAC /* AppDelegate.swift */ = {isa = PBXFileReference; lastKnownFileType = sourcecode.swift; path = AppDelegate.swift; sourceTree = "<group>"; };
		686994A01F50791400AB1BAC /* MapVC.swift */ = {isa = PBXFileReference; lastKnownFileType = sourcecode.swift; path = MapVC.swift; sourceTree = "<group>"; };
		686994A31F50791400AB1BAC /* Base */ = {isa = PBXFileReference; lastKnownFileType = file.storyboard; name = Base; path = Base.lproj/Main.storyboard; sourceTree = "<group>"; };
		686994A51F50791400AB1BAC /* Assets.xcassets */ = {isa = PBXFileReference; lastKnownFileType = folder.assetcatalog; path = Assets.xcassets; sourceTree = "<group>"; };
		686994A81F50791400AB1BAC /* Base */ = {isa = PBXFileReference; lastKnownFileType = file.storyboard; name = Base; path = Base.lproj/LaunchScreen.storyboard; sourceTree = "<group>"; };
		686994AA1F50791400AB1BAC /* Info.plist */ = {isa = PBXFileReference; lastKnownFileType = text.plist.xml; path = Info.plist; sourceTree = "<group>"; };
		689843831F51D05E00C17B68 /* UILabelDeviceClass.swift */ = {isa = PBXFileReference; fileEncoding = 4; lastKnownFileType = sourcecode.swift; name = UILabelDeviceClass.swift; path = ../../../../../DynamicUILabel/83aba56a5404d2bc77b5bb3d3d4b6da5/UILabelDeviceClass.swift; sourceTree = "<group>"; };
		A3D3300922384362F70C335B /* Pods-Pixel City.release.xcconfig */ = {isa = PBXFileReference; includeInIndex = 1; lastKnownFileType = text.xcconfig; name = "Pods-Pixel City.release.xcconfig"; path = "Pods/Target Support Files/Pods-Pixel City/Pods-Pixel City.release.xcconfig"; sourceTree = "<group>"; };
		AAD0195D308369A7771B2FE3 /* Pods_Pixel_City.framework */ = {isa = PBXFileReference; explicitFileType = wrapper.framework; includeInIndex = 0; path = Pods_Pixel_City.framework; sourceTree = BUILT_PRODUCTS_DIR; };
		BEBF722CD842B302E893F23C /* Pods-Pixel City.debug.xcconfig */ = {isa = PBXFileReference; includeInIndex = 1; lastKnownFileType = text.xcconfig; name = "Pods-Pixel City.debug.xcconfig"; path = "Pods/Target Support Files/Pods-Pixel City/Pods-Pixel City.debug.xcconfig"; sourceTree = "<group>"; };
/* End PBXFileReference section */

/* Begin PBXFrameworksBuildPhase section */
		686994981F50791300AB1BAC /* Frameworks */ = {
			isa = PBXFrameworksBuildPhase;
			buildActionMask = 2147483647;
			files = (
				ABB3B8F6A7C9B6993A23B84C /* Pods_Pixel_City.framework in Frameworks */,
			);
			runOnlyForDeploymentPostprocessing = 0;
		};
/* End PBXFrameworksBuildPhase section */

/* Begin PBXGroup section */
		686994921F50791300AB1BAC = {
			isa = PBXGroup;
			children = (
				6869949D1F50791400AB1BAC /* Pixel City */,
				6869949C1F50791400AB1BAC /* Products */,
				D4930C02BA5B9B17BCE978CA /* Pods */,
				F78F6E36A994F0B9F1D9311E /* Frameworks */,
			);
			sourceTree = "<group>";
		};
		6869949C1F50791400AB1BAC /* Products */ = {
			isa = PBXGroup;
			children = (
				6869949B1F50791400AB1BAC /* Pixel City.app */,
			);
			name = Products;
			sourceTree = "<group>";
		};
		6869949D1F50791400AB1BAC /* Pixel City */ = {
			isa = PBXGroup;
			children = (
				686994B31F50796800AB1BAC /* Utilities */,
				686994B21F50795700AB1BAC /* Extensions */,
				686994B11F50795000AB1BAC /* View */,
				686994B01F50794200AB1BAC /* Controller */,
				6869949E1F50791400AB1BAC /* AppDelegate.swift */,
				686994A21F50791400AB1BAC /* Main.storyboard */,
				686994A51F50791400AB1BAC /* Assets.xcassets */,
				686994A71F50791400AB1BAC /* LaunchScreen.storyboard */,
				686994AA1F50791400AB1BAC /* Info.plist */,
			);
			path = "Pixel City";
			sourceTree = "<group>";
		};
		686994B01F50794200AB1BAC /* Controller */ = {
			isa = PBXGroup;
			children = (
				686994A01F50791400AB1BAC /* MapVC.swift */,
			);
			path = Controller;
			sourceTree = "<group>";
		};
		686994B11F50795000AB1BAC /* View */ = {
			isa = PBXGroup;
			children = (
				689843831F51D05E00C17B68 /* UILabelDeviceClass.swift */,
				6824757C1F52E9E200B8D844 /* DropablePin.swift */,
			);
			path = View;
			sourceTree = "<group>";
		};
		686994B21F50795700AB1BAC /* Extensions */ = {
			isa = PBXGroup;
			children = (
			);
			path = Extensions;
			sourceTree = "<group>";
		};
		686994B31F50796800AB1BAC /* Utilities */ = {
			isa = PBXGroup;
			children = (
			);
			path = Utilities;
			sourceTree = "<group>";
		};
		D4930C02BA5B9B17BCE978CA /* Pods */ = {
			isa = PBXGroup;
			children = (
				BEBF722CD842B302E893F23C /* Pods-Pixel City.debug.xcconfig */,
				A3D3300922384362F70C335B /* Pods-Pixel City.release.xcconfig */,
			);
			name = Pods;
			sourceTree = "<group>";
		};
		F78F6E36A994F0B9F1D9311E /* Frameworks */ = {
			isa = PBXGroup;
			children = (
				AAD0195D308369A7771B2FE3 /* Pods_Pixel_City.framework */,
			);
			name = Frameworks;
			sourceTree = "<group>";
		};
/* End PBXGroup section */

/* Begin PBXNativeTarget section */
		6869949A1F50791300AB1BAC /* Pixel City */ = {
			isa = PBXNativeTarget;
			buildConfigurationList = 686994AD1F50791400AB1BAC /* Build configuration list for PBXNativeTarget "Pixel City" */;
			buildPhases = (
				8C8C11A2B36C11A38FC22E49 /* [CP] Check Pods Manifest.lock */,
				686994971F50791300AB1BAC /* Sources */,
				686994981F50791300AB1BAC /* Frameworks */,
				686994991F50791300AB1BAC /* Resources */,
				EA4C17A118F471A7BCB9507B /* [CP] Embed Pods Frameworks */,
				54697193CFC58B81B33E8CF3 /* [CP] Copy Pods Resources */,
			);
			buildRules = (
			);
			dependencies = (
			);
			name = "Pixel City";
			productName = "Pixel City";
			productReference = 6869949B1F50791400AB1BAC /* Pixel City.app */;
			productType = "com.apple.product-type.application";
		};
/* End PBXNativeTarget section */

/* Begin PBXProject section */
		686994931F50791300AB1BAC /* Project object */ = {
			isa = PBXProject;
			attributes = {
				LastSwiftUpdateCheck = 0900;
				LastUpgradeCheck = 0900;
				ORGANIZATIONNAME = "Raghav Vashisht";
				TargetAttributes = {
					6869949A1F50791300AB1BAC = {
						CreatedOnToolsVersion = 9.0;
					};
				};
			};
			buildConfigurationList = 686994961F50791300AB1BAC /* Build configuration list for PBXProject "Pixel City" */;
			compatibilityVersion = "Xcode 8.0";
			developmentRegion = en;
			hasScannedForEncodings = 0;
			knownRegions = (
				en,
				Base,
			);
			mainGroup = 686994921F50791300AB1BAC;
			productRefGroup = 6869949C1F50791400AB1BAC /* Products */;
			projectDirPath = "";
			projectRoot = "";
			targets = (
				6869949A1F50791300AB1BAC /* Pixel City */,
			);
		};
/* End PBXProject section */

/* Begin PBXResourcesBuildPhase section */
		686994991F50791300AB1BAC /* Resources */ = {
			isa = PBXResourcesBuildPhase;
			buildActionMask = 2147483647;
			files = (
				686994A91F50791400AB1BAC /* LaunchScreen.storyboard in Resources */,
				686994A61F50791400AB1BAC /* Assets.xcassets in Resources */,
				686994A41F50791400AB1BAC /* Main.storyboard in Resources */,
			);
			runOnlyForDeploymentPostprocessing = 0;
		};
/* End PBXResourcesBuildPhase section */

/* Begin PBXShellScriptBuildPhase section */
		54697193CFC58B81B33E8CF3 /* [CP] Copy Pods Resources */ = {
			isa = PBXShellScriptBuildPhase;
			buildActionMask = 2147483647;
			files = (
			);
			inputPaths = (
			);
			name = "[CP] Copy Pods Resources";
			outputPaths = (
			);
			runOnlyForDeploymentPostprocessing = 0;
			shellPath = /bin/sh;
			shellScript = "\"${SRCROOT}/Pods/Target Support Files/Pods-Pixel City/Pods-Pixel City-resources.sh\"\n";
			showEnvVarsInLog = 0;
		};
		8C8C11A2B36C11A38FC22E49 /* [CP] Check Pods Manifest.lock */ = {
			isa = PBXShellScriptBuildPhase;
			buildActionMask = 2147483647;
			files = (
			);
			inputPaths = (
			);
			name = "[CP] Check Pods Manifest.lock";
			outputPaths = (
			);
			runOnlyForDeploymentPostprocessing = 0;
			shellPath = /bin/sh;
			shellScript = "diff \"${PODS_ROOT}/../Podfile.lock\" \"${PODS_ROOT}/Manifest.lock\" > /dev/null\nif [ $? != 0 ] ; then\n    # print error to STDERR\n    echo \"error: The sandbox is not in sync with the Podfile.lock. Run 'pod install' or update your CocoaPods installation.\" >&2\n    exit 1\nfi\n";
			showEnvVarsInLog = 0;
		};
		EA4C17A118F471A7BCB9507B /* [CP] Embed Pods Frameworks */ = {
			isa = PBXShellScriptBuildPhase;
			buildActionMask = 2147483647;
			files = (
			);
			inputPaths = (
			);
			name = "[CP] Embed Pods Frameworks";
			outputPaths = (
			);
			runOnlyForDeploymentPostprocessing = 0;
			shellPath = /bin/sh;
			shellScript = "\"${SRCROOT}/Pods/Target Support Files/Pods-Pixel City/Pods-Pixel City-frameworks.sh\"\n";
			showEnvVarsInLog = 0;
		};
/* End PBXShellScriptBuildPhase section */

/* Begin PBXSourcesBuildPhase section */
		686994971F50791300AB1BAC /* Sources */ = {
			isa = PBXSourcesBuildPhase;
			buildActionMask = 2147483647;
			files = (
				6824757D1F52E9E300B8D844 /* DropablePin.swift in Sources */,
				686994A11F50791400AB1BAC /* MapVC.swift in Sources */,
				6869949F1F50791400AB1BAC /* AppDelegate.swift in Sources */,
				689843841F51D05E00C17B68 /* UILabelDeviceClass.swift in Sources */,
			);
			runOnlyForDeploymentPostprocessing = 0;
		};
/* End PBXSourcesBuildPhase section */

/* Begin PBXVariantGroup section */
		686994A21F50791400AB1BAC /* Main.storyboard */ = {
			isa = PBXVariantGroup;
			children = (
				686994A31F50791400AB1BAC /* Base */,
			);
			name = Main.storyboard;
			sourceTree = "<group>";
		};
		686994A71F50791400AB1BAC /* LaunchScreen.storyboard */ = {
			isa = PBXVariantGroup;
			children = (
				686994A81F50791400AB1BAC /* Base */,
			);
			name = LaunchScreen.storyboard;
			sourceTree = "<group>";
		};
/* End PBXVariantGroup section */

/* Begin XCBuildConfiguration section */
		686994AB1F50791400AB1BAC /* Debug */ = {
			isa = XCBuildConfiguration;
			buildSettings = {
				ALWAYS_SEARCH_USER_PATHS = NO;
				CLANG_ANALYZER_NONNULL = YES;
				CLANG_ANALYZER_NUMBER_OBJECT_CONVERSION = YES_AGGRESSIVE;
				CLANG_CXX_LANGUAGE_STANDARD = "gnu++14";
				CLANG_CXX_LIBRARY = "libc++";
				CLANG_ENABLE_MODULES = YES;
				CLANG_ENABLE_OBJC_ARC = YES;
				CLANG_WARN_BLOCK_CAPTURE_AUTORELEASING = YES;
				CLANG_WARN_BOOL_CONVERSION = YES;
				CLANG_WARN_COMMA = YES;
				CLANG_WARN_CONSTANT_CONVERSION = YES;
				CLANG_WARN_DIRECT_OBJC_ISA_USAGE = YES_ERROR;
				CLANG_WARN_DOCUMENTATION_COMMENTS = YES;
				CLANG_WARN_EMPTY_BODY = YES;
				CLANG_WARN_ENUM_CONVERSION = YES;
				CLANG_WARN_INFINITE_RECURSION = YES;
				CLANG_WARN_INT_CONVERSION = YES;
				CLANG_WARN_NON_LITERAL_NULL_CONVERSION = YES;
				CLANG_WARN_OBJC_LITERAL_CONVERSION = YES;
				CLANG_WARN_OBJC_ROOT_CLASS = YES_ERROR;
				CLANG_WARN_RANGE_LOOP_ANALYSIS = YES;
				CLANG_WARN_STRICT_PROTOTYPES = YES;
				CLANG_WARN_SUSPICIOUS_MOVE = YES;
				CLANG_WARN_UNGUARDED_AVAILABILITY = YES_AGGRESSIVE;
				CLANG_WARN_UNREACHABLE_CODE = YES;
				CLANG_WARN__DUPLICATE_METHOD_MATCH = YES;
				CODE_SIGN_IDENTITY = "iPhone Developer";
				COPY_PHASE_STRIP = NO;
				DEBUG_INFORMATION_FORMAT = dwarf;
				ENABLE_STRICT_OBJC_MSGSEND = YES;
				ENABLE_TESTABILITY = YES;
				GCC_C_LANGUAGE_STANDARD = gnu11;
				GCC_DYNAMIC_NO_PIC = NO;
				GCC_NO_COMMON_BLOCKS = YES;
				GCC_OPTIMIZATION_LEVEL = 0;
				GCC_PREPROCESSOR_DEFINITIONS = (
					"DEBUG=1",
					"$(inherited)",
				);
				GCC_WARN_64_TO_32_BIT_CONVERSION = YES;
				GCC_WARN_ABOUT_RETURN_TYPE = YES_ERROR;
				GCC_WARN_UNDECLARED_SELECTOR = YES;
				GCC_WARN_UNINITIALIZED_AUTOS = YES_AGGRESSIVE;
				GCC_WARN_UNUSED_FUNCTION = YES;
				GCC_WARN_UNUSED_VARIABLE = YES;
				IPHONEOS_DEPLOYMENT_TARGET = 11.0;
				MTL_ENABLE_DEBUG_INFO = YES;
				ONLY_ACTIVE_ARCH = YES;
				SDKROOT = iphoneos;
				SWIFT_ACTIVE_COMPILATION_CONDITIONS = DEBUG;
				SWIFT_OPTIMIZATION_LEVEL = "-Onone";
			};
			name = Debug;
		};
		686994AC1F50791400AB1BAC /* Release */ = {
			isa = XCBuildConfiguration;
			buildSettings = {
				ALWAYS_SEARCH_USER_PATHS = NO;
				CLANG_ANALYZER_NONNULL = YES;
				CLANG_ANALYZER_NUMBER_OBJECT_CONVERSION = YES_AGGRESSIVE;
				CLANG_CXX_LANGUAGE_STANDARD = "gnu++14";
				CLANG_CXX_LIBRARY = "libc++";
				CLANG_ENABLE_MODULES = YES;
				CLANG_ENABLE_OBJC_ARC = YES;
				CLANG_WARN_BLOCK_CAPTURE_AUTORELEASING = YES;
				CLANG_WARN_BOOL_CONVERSION = YES;
				CLANG_WARN_COMMA = YES;
				CLANG_WARN_CONSTANT_CONVERSION = YES;
				CLANG_WARN_DIRECT_OBJC_ISA_USAGE = YES_ERROR;
				CLANG_WARN_DOCUMENTATION_COMMENTS = YES;
				CLANG_WARN_EMPTY_BODY = YES;
				CLANG_WARN_ENUM_CONVERSION = YES;
				CLANG_WARN_INFINITE_RECURSION = YES;
				CLANG_WARN_INT_CONVERSION = YES;
				CLANG_WARN_NON_LITERAL_NULL_CONVERSION = YES;
				CLANG_WARN_OBJC_LITERAL_CONVERSION = YES;
				CLANG_WARN_OBJC_ROOT_CLASS = YES_ERROR;
				CLANG_WARN_RANGE_LOOP_ANALYSIS = YES;
				CLANG_WARN_STRICT_PROTOTYPES = YES;
				CLANG_WARN_SUSPICIOUS_MOVE = YES;
				CLANG_WARN_UNGUARDED_AVAILABILITY = YES_AGGRESSIVE;
				CLANG_WARN_UNREACHABLE_CODE = YES;
				CLANG_WARN__DUPLICATE_METHOD_MATCH = YES;
				CODE_SIGN_IDENTITY = "iPhone Developer";
				COPY_PHASE_STRIP = NO;
				DEBUG_INFORMATION_FORMAT = "dwarf-with-dsym";
				ENABLE_NS_ASSERTIONS = NO;
				ENABLE_STRICT_OBJC_MSGSEND = YES;
				GCC_C_LANGUAGE_STANDARD = gnu11;
				GCC_NO_COMMON_BLOCKS = YES;
				GCC_WARN_64_TO_32_BIT_CONVERSION = YES;
				GCC_WARN_ABOUT_RETURN_TYPE = YES_ERROR;
				GCC_WARN_UNDECLARED_SELECTOR = YES;
				GCC_WARN_UNINITIALIZED_AUTOS = YES_AGGRESSIVE;
				GCC_WARN_UNUSED_FUNCTION = YES;
				GCC_WARN_UNUSED_VARIABLE = YES;
				IPHONEOS_DEPLOYMENT_TARGET = 11.0;
				MTL_ENABLE_DEBUG_INFO = NO;
				SDKROOT = iphoneos;
				SWIFT_OPTIMIZATION_LEVEL = "-Owholemodule";
				VALIDATE_PRODUCT = YES;
			};
			name = Release;
		};
		686994AE1F50791400AB1BAC /* Debug */ = {
			isa = XCBuildConfiguration;
			baseConfigurationReference = BEBF722CD842B302E893F23C /* Pods-Pixel City.debug.xcconfig */;
			buildSettings = {
				ASSETCATALOG_COMPILER_APPICON_NAME = AppIcon;
				DEVELOPMENT_TEAM = Z3BGLCCPGN;
				INFOPLIST_FILE = "Pixel City/Info.plist";
				LD_RUNPATH_SEARCH_PATHS = "$(inherited) @executable_path/Frameworks";
				PRODUCT_BUNDLE_IDENTIFIER = "com.vashishtapps.Pixel-City";
				PRODUCT_NAME = "$(TARGET_NAME)";
				SWIFT_VERSION = 4.0;
				TARGETED_DEVICE_FAMILY = "1,2";
			};
			name = Debug;
		};
		686994AF1F50791400AB1BAC /* Release */ = {
			isa = XCBuildConfiguration;
			baseConfigurationReference = A3D3300922384362F70C335B /* Pods-Pixel City.release.xcconfig */;
			buildSettings = {
				ASSETCATALOG_COMPILER_APPICON_NAME = AppIcon;
				DEVELOPMENT_TEAM = Z3BGLCCPGN;
				INFOPLIST_FILE = "Pixel City/Info.plist";
				LD_RUNPATH_SEARCH_PATHS = "$(inherited) @executable_path/Frameworks";
				PRODUCT_BUNDLE_IDENTIFIER = "com.vashishtapps.Pixel-City";
				PRODUCT_NAME = "$(TARGET_NAME)";
				SWIFT_VERSION = 4.0;
				TARGETED_DEVICE_FAMILY = "1,2";
			};
			name = Release;
		};
/* End XCBuildConfiguration section */

/* Begin XCConfigurationList section */
		686994961F50791300AB1BAC /* Build configuration list for PBXProject "Pixel City" */ = {
			isa = XCConfigurationList;
			buildConfigurations = (
				686994AB1F50791400AB1BAC /* Debug */,
				686994AC1F50791400AB1BAC /* Release */,
			);
			defaultConfigurationIsVisible = 0;
			defaultConfigurationName = Release;
		};
		686994AD1F50791400AB1BAC /* Build configuration list for PBXNativeTarget "Pixel City" */ = {
			isa = XCConfigurationList;
			buildConfigurations = (
				686994AE1F50791400AB1BAC /* Debug */,
				686994AF1F50791400AB1BAC /* Release */,
			);
			defaultConfigurationIsVisible = 0;
			defaultConfigurationName = Release;
		};
/* End XCConfigurationList section */
	};
	rootObject = 686994931F50791300AB1BAC /* Project object */;
}
